
Microsoft Visual Studio Solution File, Format Version 12.00
# Visual Studio Version 16
VisualStudioVersion = 16.0.31205.134
MinimumVisualStudioVersion = 10.0.40219.1
Project("{FAE04EC0-301F-11D3-BF4B-00C04F79EFBC}") = "09-lesson", "09-lesson.csproj", "{7437C285-E469-471D-830A-DF63F839E5D0}"
EndProject
Global
	GlobalSection(SolutionConfigurationPlatforms) = preSolution
		Debug|Any CPU = Debug|Any CPU
		Release|Any CPU = Release|Any CPU
	EndGlobalSection
	GlobalSection(ProjectConfigurationPlatforms) = postSolution
		{7437C285-E469-471D-830A-DF63F839E5D0}.Debug|Any CPU.ActiveCfg = Debug|Any CPU
		{7437C285-E469-471D-830A-DF63F839E5D0}.Debug|Any CPU.Build.0 = Debug|Any CPU
		{7437C285-E469-471D-830A-DF63F839E5D0}.Release|Any CPU.ActiveCfg = Release|Any CPU
		{7437C285-E469-471D-830A-DF63F839E5D0}.Release|Any CPU.Build.0 = Release|Any CPU
	EndGlobalSection
	GlobalSection(SolutionProperties) = preSolution
		HideSolutionNode = FALSE
	EndGlobalSection
	GlobalSection(ExtensibilityGlobals) = postSolution
		SolutionGuid = {6FFE2045-6E55-4C9C-BBB5-2998EE392D8A}
	EndGlobalSection
EndGlobal
